
Microsoft Visual Studio Solution File, Format Version 12.00
# Visual Studio Version 17
VisualStudioVersion = 17.3.32825.248
MinimumVisualStudioVersion = 10.0.40219.1
Project("{FAE04EC0-301F-11D3-BF4B-00C04F79EFBC}") = "WindowsFormsApp3", "WindowsFormsApp3\WindowsFormsApp3.csproj", "{C3F760CA-5A78-4CDA-8DBF-7CF90C19F365}"
EndProject
Global
	GlobalSection(SolutionConfigurationPlatforms) = preSolution
		Debug|Any CPU = Debug|Any CPU
		Release|Any CPU = Release|Any CPU
	EndGlobalSection
	GlobalSection(ProjectConfigurationPlatforms) = postSolution
		{C3F760CA-5A78-4CDA-8DBF-7CF90C19F365}.Debug|Any CPU.ActiveCfg = Debug|Any CPU
		{C3F760CA-5A78-4CDA-8DBF-7CF90C19F365}.Debug|Any CPU.Build.0 = Debug|Any CPU
		{C3F760CA-5A78-4CDA-8DBF-7CF90C19F365}.Release|Any CPU.ActiveCfg = Release|Any CPU
		{C3F760CA-5A78-4CDA-8DBF-7CF90C19F365}.Release|Any CPU.Build.0 = Release|Any CPU
	EndGlobalSection
	GlobalSection(SolutionProperties) = preSolution
		HideSolutionNode = FALSE
	EndGlobalSection
	GlobalSection(ExtensibilityGlobals) = postSolution
		SolutionGuid = {804EAFF5-3994-4A4E-BB80-364850942B84}
	EndGlobalSection
EndGlobal
